
Microsoft Visual Studio Solution File, Format Version 12.00
# Visual Studio Version 17
VisualStudioVersion = 17.6.33815.320
MinimumVisualStudioVersion = 10.0.40219.1
Project("{FAE04EC0-301F-11D3-BF4B-00C04F79EFBC}") = "Phase3HTMLForms", "Phase3HTMLForms\Phase3HTMLForms.csproj", "{7FC909E4-6C50-44E4-9582-F8B6971A683D}"
EndProject
Global
	GlobalSection(SolutionConfigurationPlatforms) = preSolution
		Debug|Any CPU = Debug|Any CPU
		Release|Any CPU = Release|Any CPU
	EndGlobalSection
	GlobalSection(ProjectConfigurationPlatforms) = postSolution
		{7FC909E4-6C50-44E4-9582-F8B6971A683D}.Debug|Any CPU.ActiveCfg = Debug|Any CPU
		{7FC909E4-6C50-44E4-9582-F8B6971A683D}.Debug|Any CPU.Build.0 = Debug|Any CPU
		{7FC909E4-6C50-44E4-9582-F8B6971A683D}.Release|Any CPU.ActiveCfg = Release|Any CPU
		{7FC909E4-6C50-44E4-9582-F8B6971A683D}.Release|Any CPU.Build.0 = Release|Any CPU
	EndGlobalSection
	GlobalSection(SolutionProperties) = preSolution
		HideSolutionNode = FALSE
	EndGlobalSection
	GlobalSection(ExtensibilityGlobals) = postSolution
		SolutionGuid = {E2F9DA90-44BA-4E24-8BCA-D8E2C300F5EF}
	EndGlobalSection
EndGlobal
